
Microsoft Visual Studio Solution File, Format Version 12.00
# Visual Studio Version 17
VisualStudioVersion = 17.4.33213.308
MinimumVisualStudioVersion = 10.0.40219.1
Project("{FAE04EC0-301F-11D3-BF4B-00C04F79EFBC}") = "ParseTryParse", "ParseTryParse\ParseTryParse.csproj", "{F0D50C44-8CF4-47D8-B4B6-122F891596E0}"
EndProject
Global
	GlobalSection(SolutionConfigurationPlatforms) = preSolution
		Debug|Any CPU = Debug|Any CPU
		Release|Any CPU = Release|Any CPU
	EndGlobalSection
	GlobalSection(ProjectConfigurationPlatforms) = postSolution
		{F0D50C44-8CF4-47D8-B4B6-122F891596E0}.Debug|Any CPU.ActiveCfg = Debug|Any CPU
		{F0D50C44-8CF4-47D8-B4B6-122F891596E0}.Debug|Any CPU.Build.0 = Debug|Any CPU
		{F0D50C44-8CF4-47D8-B4B6-122F891596E0}.Release|Any CPU.ActiveCfg = Release|Any CPU
		{F0D50C44-8CF4-47D8-B4B6-122F891596E0}.Release|Any CPU.Build.0 = Release|Any CPU
	EndGlobalSection
	GlobalSection(SolutionProperties) = preSolution
		HideSolutionNode = FALSE
	EndGlobalSection
	GlobalSection(ExtensibilityGlobals) = postSolution
		SolutionGuid = {4CA9EBC1-0B9E-433B-B223-00E9A446E7CA}
	EndGlobalSection
EndGlobal
